
Microsoft Visual Studio Solution File, Format Version 12.00
# Visual Studio Version 16
VisualStudioVersion = 16.0.31424.327
MinimumVisualStudioVersion = 10.0.40219.1
Project("{F184B08F-C81C-45F6-A57F-5ABD9991F28F}") = "Hostel management", "Hostel management.vbproj", "{F32B3849-D6BF-4DE0-A9BF-42C4EF0585F4}"
EndProject
Global
	GlobalSection(SolutionConfigurationPlatforms) = preSolution
		Debug|Any CPU = Debug|Any CPU
		Release|Any CPU = Release|Any CPU
	EndGlobalSection
	GlobalSection(ProjectConfigurationPlatforms) = postSolution
		{F32B3849-D6BF-4DE0-A9BF-42C4EF0585F4}.Debug|Any CPU.ActiveCfg = Debug|Any CPU
		{F32B3849-D6BF-4DE0-A9BF-42C4EF0585F4}.Debug|Any CPU.Build.0 = Debug|Any CPU
		{F32B3849-D6BF-4DE0-A9BF-42C4EF0585F4}.Release|Any CPU.ActiveCfg = Release|Any CPU
		{F32B3849-D6BF-4DE0-A9BF-42C4EF0585F4}.Release|Any CPU.Build.0 = Release|Any CPU
	EndGlobalSection
	GlobalSection(SolutionProperties) = preSolution
		HideSolutionNode = FALSE
	EndGlobalSection
	GlobalSection(ExtensibilityGlobals) = postSolution
		SolutionGuid = {C7FC3C56-72D3-48F6-BC18-0115B59B3F1C}
	EndGlobalSection
EndGlobal
